// !$*UTF8*$!
{
	archiveVersion = 1;
	classes = {
	};
	objectVersion = 50;
	objects = {

/* Begin PBXBuildFile section */
		1D34054E20ECE31700D62CE5 /* RegistrationFormModel.m in Sources */ = {isa = PBXBuildFile; fileRef = 1D34054D20ECE31700D62CE5 /* RegistrationFormModel.m */; };
		1D44B66B20FDF80A00C581C3 /* ToDoFormModel.m in Sources */ = {isa = PBXBuildFile; fileRef = 1D44B66A20FDF80A00C581C3 /* ToDoFormModel.m */; };
		1D44B66E20FE319F00C581C3 /* ToDoAlertController.m in Sources */ = {isa = PBXBuildFile; fileRef = 1D44B66D20FE319F00C581C3 /* ToDoAlertController.m */; };
		1D643FB5210735EE00F028B8 /* Rule.m in Sources */ = {isa = PBXBuildFile; fileRef = 1D643FA7210735EE00F028B8 /* Rule.m */; };
		1D643FB6210735EE00F028B8 /* MatchRule.m in Sources */ = {isa = PBXBuildFile; fileRef = 1D643FA8210735EE00F028B8 /* MatchRule.m */; };
		1D643FB7210735EE00F028B8 /* LengthRule.m in Sources */ = {isa = PBXBuildFile; fileRef = 1D643FAD210735EE00F028B8 /* LengthRule.m */; };
		1D643FB8210735EE00F028B8 /* NameRule.m in Sources */ = {isa = PBXBuildFile; fileRef = 1D643FB0210735EE00F028B8 /* NameRule.m */; };
		1D643FB9210735EE00F028B8 /* EmailRule.m in Sources */ = {isa = PBXBuildFile; fileRef = 1D643FB1210735EE00F028B8 /* EmailRule.m */; };
		1D643FBA210735EE00F028B8 /* PhoneRule.m in Sources */ = {isa = PBXBuildFile; fileRef = 1D643FB2210735EE00F028B8 /* PhoneRule.m */; };
		1D643FBB210735EE00F028B8 /* PasswordRule.m in Sources */ = {isa = PBXBuildFile; fileRef = 1D643FB3210735EE00F028B8 /* PasswordRule.m */; };
		1D9B92C320F5019F00AFF65D /* UserListTableViewController.m in Sources */ = {isa = PBXBuildFile; fileRef = 1D9B92C220F5019F00AFF65D /* UserListTableViewController.m */; };
		1D9B92C620F50B8700AFF65D /* UserModel.xcdatamodeld in Sources */ = {isa = PBXBuildFile; fileRef = 1D9B92C420F50B8700AFF65D /* UserModel.xcdatamodeld */; };
		1D9B92CE20F5EF2100AFF65D /* UserModel.m in Sources */ = {isa = PBXBuildFile; fileRef = 1D9B92CD20F5EF2100AFF65D /* UserModel.m */; };
		1DC3030C20F8CD7D00E7071E /* ToDoModel.m in Sources */ = {isa = PBXBuildFile; fileRef = 1DC3030B20F8CD7D00E7071E /* ToDoModel.m */; };
		1DDDECE920EE1F0B007CC735 /* FieldFormModel.m in Sources */ = {isa = PBXBuildFile; fileRef = 1DDDECE820EE1F0B007CC735 /* FieldFormModel.m */; };
		1DDDECEC20EE405E007CC735 /* BaseFormModel.m in Sources */ = {isa = PBXBuildFile; fileRef = 1DDDECEB20EE405E007CC735 /* BaseFormModel.m */; };
		1DEA900720F63D8B00068833 /* CoreDataStack.m in Sources */ = {isa = PBXBuildFile; fileRef = 1DEA900520F63D8B00068833 /* CoreDataStack.m */; };
		1DEA900A20F755A600068833 /* BaseManagedObject.m in Sources */ = {isa = PBXBuildFile; fileRef = 1DEA900920F755A600068833 /* BaseManagedObject.m */; };
		1DEA900E20F7899A00068833 /* UserInfoTableViewController.m in Sources */ = {isa = PBXBuildFile; fileRef = 1DEA900D20F7899A00068833 /* UserInfoTableViewController.m */; };
		1DEE96E220E4C7C100DA0806 /* AppDelegate.m in Sources */ = {isa = PBXBuildFile; fileRef = 1DEE96E120E4C7C100DA0806 /* AppDelegate.m */; };
		1DEE96E520E4C7C100DA0806 /* UserDetailViewController.m in Sources */ = {isa = PBXBuildFile; fileRef = 1DEE96E420E4C7C100DA0806 /* UserDetailViewController.m */; };
		1DEE96E820E4C7C100DA0806 /* Main.storyboard in Resources */ = {isa = PBXBuildFile; fileRef = 1DEE96E620E4C7C100DA0806 /* Main.storyboard */; };
		1DEE96EA20E4C7C200DA0806 /* Assets.xcassets in Resources */ = {isa = PBXBuildFile; fileRef = 1DEE96E920E4C7C200DA0806 /* Assets.xcassets */; };
		1DEE96ED20E4C7C200DA0806 /* LaunchScreen.storyboard in Resources */ = {isa = PBXBuildFile; fileRef = 1DEE96EB20E4C7C200DA0806 /* LaunchScreen.storyboard */; };
		1DEE96F020E4C7C200DA0806 /* main.m in Sources */ = {isa = PBXBuildFile; fileRef = 1DEE96EF20E4C7C200DA0806 /* main.m */; };
		1DEE96F820E4D85700DA0806 /* TableViewCell.m in Sources */ = {isa = PBXBuildFile; fileRef = 1DEE96F720E4D85700DA0806 /* TableViewCell.m */; };
		1DEE96FB20E4E87800DA0806 /* RFButton.m in Sources */ = {isa = PBXBuildFile; fileRef = 1DEE96FA20E4E87800DA0806 /* RFButton.m */; };
		1DEE96FF20E4F76100DA0806 /* FieldsValidator.m in Sources */ = {isa = PBXBuildFile; fileRef = 1DEE96FE20E4F76100DA0806 /* FieldsValidator.m */; };
/* End PBXBuildFile section */

/* Begin PBXFileReference section */
		1D34054C20ECE31700D62CE5 /* RegistrationFormModel.h */ = {isa = PBXFileReference; lastKnownFileType = sourcecode.c.h; path = RegistrationFormModel.h; sourceTree = "<group>"; };
		1D34054D20ECE31700D62CE5 /* RegistrationFormModel.m */ = {isa = PBXFileReference; lastKnownFileType = sourcecode.c.objc; path = RegistrationFormModel.m; sourceTree = "<group>"; };
		1D44B66920FDF80A00C581C3 /* ToDoFormModel.h */ = {isa = PBXFileReference; lastKnownFileType = sourcecode.c.h; path = ToDoFormModel.h; sourceTree = "<group>"; };
		1D44B66A20FDF80A00C581C3 /* ToDoFormModel.m */ = {isa = PBXFileReference; lastKnownFileType = sourcecode.c.objc; path = ToDoFormModel.m; sourceTree = "<group>"; };
		1D44B66C20FE319F00C581C3 /* ToDoAlertController.h */ = {isa = PBXFileReference; lastKnownFileType = sourcecode.c.h; path = ToDoAlertController.h; sourceTree = "<group>"; };
		1D44B66D20FE319F00C581C3 /* ToDoAlertController.m */ = {isa = PBXFileReference; lastKnownFileType = sourcecode.c.objc; path = ToDoAlertController.m; sourceTree = "<group>"; };
		1D643FA7210735EE00F028B8 /* Rule.m */ = {isa = PBXFileReference; fileEncoding = 4; lastKnownFileType = sourcecode.c.objc; path = Rule.m; sourceTree = "<group>"; };
		1D643FA8210735EE00F028B8 /* MatchRule.m */ = {isa = PBXFileReference; fileEncoding = 4; lastKnownFileType = sourcecode.c.objc; path = MatchRule.m; sourceTree = "<group>"; };
		1D643FA9210735EE00F028B8 /* PasswordRule.h */ = {isa = PBXFileReference; fileEncoding = 4; lastKnownFileType = sourcecode.c.h; path = PasswordRule.h; sourceTree = "<group>"; };
		1D643FAA210735EE00F028B8 /* PhoneRule.h */ = {isa = PBXFileReference; fileEncoding = 4; lastKnownFileType = sourcecode.c.h; path = PhoneRule.h; sourceTree = "<group>"; };
		1D643FAB210735EE00F028B8 /* EmailRule.h */ = {isa = PBXFileReference; fileEncoding = 4; lastKnownFileType = sourcecode.c.h; path = EmailRule.h; sourceTree = "<group>"; };
		1D643FAC210735EE00F028B8 /* NameRule.h */ = {isa = PBXFileReference; fileEncoding = 4; lastKnownFileType = sourcecode.c.h; path = NameRule.h; sourceTree = "<group>"; };
		1D643FAD210735EE00F028B8 /* LengthRule.m */ = {isa = PBXFileReference; fileEncoding = 4; lastKnownFileType = sourcecode.c.objc; path = LengthRule.m; sourceTree = "<group>"; };
		1D643FAE210735EE00F028B8 /* MatchRule.h */ = {isa = PBXFileReference; fileEncoding = 4; lastKnownFileType = sourcecode.c.h; path = MatchRule.h; sourceTree = "<group>"; };
		1D643FAF210735EE00F028B8 /* Rule.h */ = {isa = PBXFileReference; fileEncoding = 4; lastKnownFileType = sourcecode.c.h; path = Rule.h; sourceTree = "<group>"; };
		1D643FB0210735EE00F028B8 /* NameRule.m */ = {isa = PBXFileReference; fileEncoding = 4; lastKnownFileType = sourcecode.c.objc; path = NameRule.m; sourceTree = "<group>"; };
		1D643FB1210735EE00F028B8 /* EmailRule.m */ = {isa = PBXFileReference; fileEncoding = 4; lastKnownFileType = sourcecode.c.objc; path = EmailRule.m; sourceTree = "<group>"; };
		1D643FB2210735EE00F028B8 /* PhoneRule.m */ = {isa = PBXFileReference; fileEncoding = 4; lastKnownFileType = sourcecode.c.objc; path = PhoneRule.m; sourceTree = "<group>"; };
		1D643FB3210735EE00F028B8 /* PasswordRule.m */ = {isa = PBXFileReference; fileEncoding = 4; lastKnownFileType = sourcecode.c.objc; path = PasswordRule.m; sourceTree = "<group>"; };
		1D643FB4210735EE00F028B8 /* LengthRule.h */ = {isa = PBXFileReference; fileEncoding = 4; lastKnownFileType = sourcecode.c.h; path = LengthRule.h; sourceTree = "<group>"; };
		1D9B92C120F5019F00AFF65D /* UserListTableViewController.h */ = {isa = PBXFileReference; lastKnownFileType = sourcecode.c.h; path = UserListTableViewController.h; sourceTree = "<group>"; };
		1D9B92C220F5019F00AFF65D /* UserListTableViewController.m */ = {isa = PBXFileReference; lastKnownFileType = sourcecode.c.objc; path = UserListTableViewController.m; sourceTree = "<group>"; };
		1D9B92C520F50B8700AFF65D /* UserModel.xcdatamodel */ = {isa = PBXFileReference; lastKnownFileType = wrapper.xcdatamodel; path = UserModel.xcdatamodel; sourceTree = "<group>"; };
		1D9B92CC20F5EF2100AFF65D /* UserModel.h */ = {isa = PBXFileReference; lastKnownFileType = sourcecode.c.h; path = UserModel.h; sourceTree = "<group>"; };
		1D9B92CD20F5EF2100AFF65D /* UserModel.m */ = {isa = PBXFileReference; lastKnownFileType = sourcecode.c.objc; path = UserModel.m; sourceTree = "<group>"; };
		1DC3030A20F8CD7D00E7071E /* ToDoModel.h */ = {isa = PBXFileReference; lastKnownFileType = sourcecode.c.h; path = ToDoModel.h; sourceTree = "<group>"; };
		1DC3030B20F8CD7D00E7071E /* ToDoModel.m */ = {isa = PBXFileReference; lastKnownFileType = sourcecode.c.objc; path = ToDoModel.m; sourceTree = "<group>"; };
		1DDDECE720EE1F0B007CC735 /* FieldFormModel.h */ = {isa = PBXFileReference; lastKnownFileType = sourcecode.c.h; path = FieldFormModel.h; sourceTree = "<group>"; };
		1DDDECE820EE1F0B007CC735 /* FieldFormModel.m */ = {isa = PBXFileReference; lastKnownFileType = sourcecode.c.objc; path = FieldFormModel.m; sourceTree = "<group>"; };
		1DDDECEA20EE405E007CC735 /* BaseFormModel.h */ = {isa = PBXFileReference; lastKnownFileType = sourcecode.c.h; path = BaseFormModel.h; sourceTree = "<group>"; };
		1DDDECEB20EE405E007CC735 /* BaseFormModel.m */ = {isa = PBXFileReference; lastKnownFileType = sourcecode.c.objc; path = BaseFormModel.m; sourceTree = "<group>"; };
		1DEA900520F63D8B00068833 /* CoreDataStack.m */ = {isa = PBXFileReference; fileEncoding = 4; lastKnownFileType = sourcecode.c.objc; path = CoreDataStack.m; sourceTree = "<group>"; };
		1DEA900620F63D8B00068833 /* CoreDataStack.h */ = {isa = PBXFileReference; fileEncoding = 4; lastKnownFileType = sourcecode.c.h; path = CoreDataStack.h; sourceTree = "<group>"; };
		1DEA900820F755A600068833 /* BaseManagedObject.h */ = {isa = PBXFileReference; lastKnownFileType = sourcecode.c.h; path = BaseManagedObject.h; sourceTree = "<group>"; };
		1DEA900920F755A600068833 /* BaseManagedObject.m */ = {isa = PBXFileReference; lastKnownFileType = sourcecode.c.objc; path = BaseManagedObject.m; sourceTree = "<group>"; };
		1DEA900C20F7899A00068833 /* UserInfoTableViewController.h */ = {isa = PBXFileReference; lastKnownFileType = sourcecode.c.h; path = UserInfoTableViewController.h; sourceTree = "<group>"; };
		1DEA900D20F7899A00068833 /* UserInfoTableViewController.m */ = {isa = PBXFileReference; lastKnownFileType = sourcecode.c.objc; path = UserInfoTableViewController.m; sourceTree = "<group>"; };
		1DEE96DD20E4C7C100DA0806 /* RegistrationForm.app */ = {isa = PBXFileReference; explicitFileType = wrapper.application; includeInIndex = 0; path = RegistrationForm.app; sourceTree = BUILT_PRODUCTS_DIR; };
		1DEE96E020E4C7C100DA0806 /* AppDelegate.h */ = {isa = PBXFileReference; lastKnownFileType = sourcecode.c.h; path = AppDelegate.h; sourceTree = "<group>"; };
		1DEE96E120E4C7C100DA0806 /* AppDelegate.m */ = {isa = PBXFileReference; lastKnownFileType = sourcecode.c.objc; path = AppDelegate.m; sourceTree = "<group>"; };
		1DEE96E320E4C7C100DA0806 /* UserDetailViewController.h */ = {isa = PBXFileReference; lastKnownFileType = sourcecode.c.h; path = UserDetailViewController.h; sourceTree = "<group>"; };
		1DEE96E420E4C7C100DA0806 /* UserDetailViewController.m */ = {isa = PBXFileReference; lastKnownFileType = sourcecode.c.objc; path = UserDetailViewController.m; sourceTree = "<group>"; };
		1DEE96E720E4C7C100DA0806 /* Base */ = {isa = PBXFileReference; lastKnownFileType = file.storyboard; name = Base; path = Base.lproj/Main.storyboard; sourceTree = "<group>"; };
		1DEE96E920E4C7C200DA0806 /* Assets.xcassets */ = {isa = PBXFileReference; lastKnownFileType = folder.assetcatalog; path = Assets.xcassets; sourceTree = "<group>"; };
		1DEE96EC20E4C7C200DA0806 /* Base */ = {isa = PBXFileReference; lastKnownFileType = file.storyboard; name = Base; path = Base.lproj/LaunchScreen.storyboard; sourceTree = "<group>"; };
		1DEE96EE20E4C7C200DA0806 /* Info.plist */ = {isa = PBXFileReference; lastKnownFileType = text.plist.xml; path = Info.plist; sourceTree = "<group>"; };
		1DEE96EF20E4C7C200DA0806 /* main.m */ = {isa = PBXFileReference; lastKnownFileType = sourcecode.c.objc; path = main.m; sourceTree = "<group>"; };
		1DEE96F620E4D85700DA0806 /* TableViewCell.h */ = {isa = PBXFileReference; lastKnownFileType = sourcecode.c.h; path = TableViewCell.h; sourceTree = "<group>"; };
		1DEE96F720E4D85700DA0806 /* TableViewCell.m */ = {isa = PBXFileReference; lastKnownFileType = sourcecode.c.objc; path = TableViewCell.m; sourceTree = "<group>"; };
		1DEE96F920E4E87800DA0806 /* RFButton.h */ = {isa = PBXFileReference; lastKnownFileType = sourcecode.c.h; path = RFButton.h; sourceTree = "<group>"; };
		1DEE96FA20E4E87800DA0806 /* RFButton.m */ = {isa = PBXFileReference; lastKnownFileType = sourcecode.c.objc; path = RFButton.m; sourceTree = "<group>"; };
		1DEE96FD20E4F76100DA0806 /* FieldsValidator.h */ = {isa = PBXFileReference; lastKnownFileType = sourcecode.c.h; path = FieldsValidator.h; sourceTree = "<group>"; };
		1DEE96FE20E4F76100DA0806 /* FieldsValidator.m */ = {isa = PBXFileReference; lastKnownFileType = sourcecode.c.objc; path = FieldsValidator.m; sourceTree = "<group>"; };
/* End PBXFileReference section */

/* Begin PBXFrameworksBuildPhase section */
		1DEE96DA20E4C7C100DA0806 /* Frameworks */ = {
			isa = PBXFrameworksBuildPhase;
			buildActionMask = 2147483647;
			files = (
			);
			runOnlyForDeploymentPostprocessing = 0;
		};
/* End PBXFrameworksBuildPhase section */

/* Begin PBXGroup section */
		1D34054F20ECE31D00D62CE5 /* Model */ = {
			isa = PBXGroup;
			children = (
				1D34054C20ECE31700D62CE5 /* RegistrationFormModel.h */,
				1D34054D20ECE31700D62CE5 /* RegistrationFormModel.m */,
				1D44B66920FDF80A00C581C3 /* ToDoFormModel.h */,
				1D44B66A20FDF80A00C581C3 /* ToDoFormModel.m */,
			);
			path = Model;
			sourceTree = "<group>";
		};
		1D643F902107355400F028B8 /* Lib */ = {
			isa = PBXGroup;
			children = (
				1D643FBC2107365800F028B8 /* Form */,
				1DDDECED20EE487B007CC735 /* Validator */,
			);
			path = Lib;
			sourceTree = "<group>";
		};
		1D643FA6210735EE00F028B8 /* Rule */ = {
			isa = PBXGroup;
			children = (
				1D643FAF210735EE00F028B8 /* Rule.h */,
				1D643FA7210735EE00F028B8 /* Rule.m */,
				1D643FAC210735EE00F028B8 /* NameRule.h */,
				1D643FB0210735EE00F028B8 /* NameRule.m */,
				1D643FAA210735EE00F028B8 /* PhoneRule.h */,
				1D643FB2210735EE00F028B8 /* PhoneRule.m */,
				1D643FAB210735EE00F028B8 /* EmailRule.h */,
				1D643FB1210735EE00F028B8 /* EmailRule.m */,
				1D643FA9210735EE00F028B8 /* PasswordRule.h */,
				1D643FB3210735EE00F028B8 /* PasswordRule.m */,
				1D643FAE210735EE00F028B8 /* MatchRule.h */,
				1D643FA8210735EE00F028B8 /* MatchRule.m */,
				1D643FB4210735EE00F028B8 /* LengthRule.h */,
				1D643FAD210735EE00F028B8 /* LengthRule.m */,
			);
			path = Rule;
			sourceTree = "<group>";
		};
		1D643FBC2107365800F028B8 /* Form */ = {
			isa = PBXGroup;
			children = (
				1DDDECEA20EE405E007CC735 /* BaseFormModel.h */,
				1DDDECEB20EE405E007CC735 /* BaseFormModel.m */,
				1DDDECE720EE1F0B007CC735 /* FieldFormModel.h */,
				1DDDECE820EE1F0B007CC735 /* FieldFormModel.m */,
			);
			path = Form;
			sourceTree = "<group>";
		};
		1D9B92C020F5017D00AFF65D /* UserList */ = {
			isa = PBXGroup;
			children = (
				1D9B92C120F5019F00AFF65D /* UserListTableViewController.h */,
				1D9B92C220F5019F00AFF65D /* UserListTableViewController.m */,
				1DEE96E320E4C7C100DA0806 /* UserDetailViewController.h */,
				1DEE96E420E4C7C100DA0806 /* UserDetailViewController.m */,
			);
			path = UserList;
			sourceTree = "<group>";
		};
		1D9B92C720F50BEB00AFF65D /* CoreDataStack */ = {
			isa = PBXGroup;
			children = (
				1DEA900620F63D8B00068833 /* CoreDataStack.h */,
				1DEA900520F63D8B00068833 /* CoreDataStack.m */,
			);
			path = CoreDataStack;
			sourceTree = "<group>";
		};
		1D9B92CB20F5EEE600AFF65D /* CoreDataModel */ = {
			isa = PBXGroup;
			children = (
				1DEA900820F755A600068833 /* BaseManagedObject.h */,
				1DEA900920F755A600068833 /* BaseManagedObject.m */,
				1D9B92CC20F5EF2100AFF65D /* UserModel.h */,
				1D9B92CD20F5EF2100AFF65D /* UserModel.m */,
				1DC3030A20F8CD7D00E7071E /* ToDoModel.h */,
				1DC3030B20F8CD7D00E7071E /* ToDoModel.m */,
			);
			path = CoreDataModel;
			sourceTree = "<group>";
		};
		1DDDECED20EE487B007CC735 /* Validator */ = {
			isa = PBXGroup;
			children = (
				1D643FA6210735EE00F028B8 /* Rule */,
				1DEE96FD20E4F76100DA0806 /* FieldsValidator.h */,
				1DEE96FE20E4F76100DA0806 /* FieldsValidator.m */,
			);
			path = Validator;
			sourceTree = "<group>";
		};
		1DEA900B20F7893700068833 /* UserInfo */ = {
			isa = PBXGroup;
			children = (
				1DEA900C20F7899A00068833 /* UserInfoTableViewController.h */,
				1DEA900D20F7899A00068833 /* UserInfoTableViewController.m */,
				1D44B66C20FE319F00C581C3 /* ToDoAlertController.h */,
				1D44B66D20FE319F00C581C3 /* ToDoAlertController.m */,
			);
			path = UserInfo;
			sourceTree = "<group>";
		};
		1DEE96D420E4C7C100DA0806 = {
			isa = PBXGroup;
			children = (
				1DEE96DF20E4C7C100DA0806 /* RegistrationForm */,
				1DEE96DE20E4C7C100DA0806 /* Products */,
			);
			sourceTree = "<group>";
		};
		1DEE96DE20E4C7C100DA0806 /* Products */ = {
			isa = PBXGroup;
			children = (
				1DEE96DD20E4C7C100DA0806 /* RegistrationForm.app */,
			);
			name = Products;
			sourceTree = "<group>";
		};
		1DEE96DF20E4C7C100DA0806 /* RegistrationForm */ = {
			isa = PBXGroup;
			children = (
				1D643F902107355400F028B8 /* Lib */,
				1D9B92C720F50BEB00AFF65D /* CoreDataStack */,
				1D34054F20ECE31D00D62CE5 /* Model */,
				1D9B92CB20F5EEE600AFF65D /* CoreDataModel */,
				1D9B92C020F5017D00AFF65D /* UserList */,
				1DEA900B20F7893700068833 /* UserInfo */,
				1DEE96FC20E4ED2200DA0806 /* Buttons */,
				1DEE96E020E4C7C100DA0806 /* AppDelegate.h */,
				1DEE96E120E4C7C100DA0806 /* AppDelegate.m */,
				1DEE96F620E4D85700DA0806 /* TableViewCell.h */,
				1DEE96F720E4D85700DA0806 /* TableViewCell.m */,
				1D9B92C420F50B8700AFF65D /* UserModel.xcdatamodeld */,
				1DEE96E620E4C7C100DA0806 /* Main.storyboard */,
				1DEE96E920E4C7C200DA0806 /* Assets.xcassets */,
				1DEE96EB20E4C7C200DA0806 /* LaunchScreen.storyboard */,
				1DEE96EE20E4C7C200DA0806 /* Info.plist */,
				1DEE96EF20E4C7C200DA0806 /* main.m */,
			);
			path = RegistrationForm;
			sourceTree = "<group>";
		};
		1DEE96FC20E4ED2200DA0806 /* Buttons */ = {
			isa = PBXGroup;
			children = (
				1DEE96F920E4E87800DA0806 /* RFButton.h */,
				1DEE96FA20E4E87800DA0806 /* RFButton.m */,
			);
			path = Buttons;
			sourceTree = "<group>";
		};
/* End PBXGroup section */

/* Begin PBXNativeTarget section */
		1DEE96DC20E4C7C100DA0806 /* RegistrationForm */ = {
			isa = PBXNativeTarget;
			buildConfigurationList = 1DEE96F320E4C7C200DA0806 /* Build configuration list for PBXNativeTarget "RegistrationForm" */;
			buildPhases = (
				1DEE96D920E4C7C100DA0806 /* Sources */,
				1DEE96DA20E4C7C100DA0806 /* Frameworks */,
				1DEE96DB20E4C7C100DA0806 /* Resources */,
			);
			buildRules = (
			);
			dependencies = (
			);
			name = RegistrationForm;
			productName = RegistrationForm;
			productReference = 1DEE96DD20E4C7C100DA0806 /* RegistrationForm.app */;
			productType = "com.apple.product-type.application";
		};
/* End PBXNativeTarget section */

/* Begin PBXProject section */
		1DEE96D520E4C7C100DA0806 /* Project object */ = {
			isa = PBXProject;
			attributes = {
				LastUpgradeCheck = 0940;
				ORGANIZATIONNAME = "Max Soiferman";
				TargetAttributes = {
					1DEE96DC20E4C7C100DA0806 = {
						CreatedOnToolsVersion = 9.4;
					};
				};
			};
			buildConfigurationList = 1DEE96D820E4C7C100DA0806 /* Build configuration list for PBXProject "RegistrationForm" */;
			compatibilityVersion = "Xcode 9.3";
			developmentRegion = en;
			hasScannedForEncodings = 0;
			knownRegions = (
				en,
				Base,
			);
			mainGroup = 1DEE96D420E4C7C100DA0806;
			productRefGroup = 1DEE96DE20E4C7C100DA0806 /* Products */;
			projectDirPath = "";
			projectRoot = "";
			targets = (
				1DEE96DC20E4C7C100DA0806 /* RegistrationForm */,
			);
		};
/* End PBXProject section */

/* Begin PBXResourcesBuildPhase section */
		1DEE96DB20E4C7C100DA0806 /* Resources */ = {
			isa = PBXResourcesBuildPhase;
			buildActionMask = 2147483647;
			files = (
				1DEE96ED20E4C7C200DA0806 /* LaunchScreen.storyboard in Resources */,
				1DEE96EA20E4C7C200DA0806 /* Assets.xcassets in Resources */,
				1DEE96E820E4C7C100DA0806 /* Main.storyboard in Resources */,
			);
			runOnlyForDeploymentPostprocessing = 0;
		};
/* End PBXResourcesBuildPhase section */

/* Begin PBXSourcesBuildPhase section */
		1DEE96D920E4C7C100DA0806 /* Sources */ = {
			isa = PBXSourcesBuildPhase;
			buildActionMask = 2147483647;
			files = (
				1DEE96E520E4C7C100DA0806 /* UserDetailViewController.m in Sources */,
				1D643FB5210735EE00F028B8 /* Rule.m in Sources */,
				1DEE96F820E4D85700DA0806 /* TableViewCell.m in Sources */,
				1DEE96F020E4C7C200DA0806 /* main.m in Sources */,
				1D44B66B20FDF80A00C581C3 /* ToDoFormModel.m in Sources */,
				1DC3030C20F8CD7D00E7071E /* ToDoModel.m in Sources */,
				1DDDECEC20EE405E007CC735 /* BaseFormModel.m in Sources */,
				1D643FB6210735EE00F028B8 /* MatchRule.m in Sources */,
				1D9B92C620F50B8700AFF65D /* UserModel.xcdatamodeld in Sources */,
				1DEE96FB20E4E87800DA0806 /* RFButton.m in Sources */,
				1DDDECE920EE1F0B007CC735 /* FieldFormModel.m in Sources */,
				1D9B92C320F5019F00AFF65D /* UserListTableViewController.m in Sources */,
				1DEA900E20F7899A00068833 /* UserInfoTableViewController.m in Sources */,
				1D643FBB210735EE00F028B8 /* PasswordRule.m in Sources */,
				1D44B66E20FE319F00C581C3 /* ToDoAlertController.m in Sources */,
				1D9B92CE20F5EF2100AFF65D /* UserModel.m in Sources */,
				1DEA900A20F755A600068833 /* BaseManagedObject.m in Sources */,
				1D643FBA210735EE00F028B8 /* PhoneRule.m in Sources */,
				1DEA900720F63D8B00068833 /* CoreDataStack.m in Sources */,
				1D643FB7210735EE00F028B8 /* LengthRule.m in Sources */,
				1D34054E20ECE31700D62CE5 /* RegistrationFormModel.m in Sources */,
				1D643FB9210735EE00F028B8 /* EmailRule.m in Sources */,
				1DEE96E220E4C7C100DA0806 /* AppDelegate.m in Sources */,
				1D643FB8210735EE00F028B8 /* NameRule.m in Sources */,
				1DEE96FF20E4F76100DA0806 /* FieldsValidator.m in Sources */,
			);
			runOnlyForDeploymentPostprocessing = 0;
		};
/* End PBXSourcesBuildPhase section */

/* Begin PBXVariantGroup section */
		1DEE96E620E4C7C100DA0806 /* Main.storyboard */ = {
			isa = PBXVariantGroup;
			children = (
				1DEE96E720E4C7C100DA0806 /* Base */,
			);
			name = Main.storyboard;
			sourceTree = "<group>";
		};
		1DEE96EB20E4C7C200DA0806 /* LaunchScreen.storyboard */ = {
			isa = PBXVariantGroup;
			children = (
				1DEE96EC20E4C7C200DA0806 /* Base */,
			);
			name = LaunchScreen.storyboard;
			sourceTree = "<group>";
		};
/* End PBXVariantGroup section */

/* Begin XCBuildConfiguration section */
		1DEE96F120E4C7C200DA0806 /* Debug */ = {
			isa = XCBuildConfiguration;
			buildSettings = {
				ALWAYS_SEARCH_USER_PATHS = NO;
				CLANG_ANALYZER_NONNULL = YES;
				CLANG_ANALYZER_NUMBER_OBJECT_CONVERSION = YES_AGGRESSIVE;
				CLANG_CXX_LANGUAGE_STANDARD = "gnu++14";
				CLANG_CXX_LIBRARY = "libc++";
				CLANG_ENABLE_MODULES = YES;
				CLANG_ENABLE_OBJC_ARC = YES;
				CLANG_ENABLE_OBJC_WEAK = YES;
				CLANG_WARN_BLOCK_CAPTURE_AUTORELEASING = YES;
				CLANG_WARN_BOOL_CONVERSION = YES;
				CLANG_WARN_COMMA = YES;
				CLANG_WARN_CONSTANT_CONVERSION = YES;
				CLANG_WARN_DEPRECATED_OBJC_IMPLEMENTATIONS = YES;
				CLANG_WARN_DIRECT_OBJC_ISA_USAGE = YES_ERROR;
				CLANG_WARN_DOCUMENTATION_COMMENTS = YES;
				CLANG_WARN_EMPTY_BODY = YES;
				CLANG_WARN_ENUM_CONVERSION = YES;
				CLANG_WARN_INFINITE_RECURSION = YES;
				CLANG_WARN_INT_CONVERSION = YES;
				CLANG_WARN_NON_LITERAL_NULL_CONVERSION = YES;
				CLANG_WARN_OBJC_IMPLICIT_RETAIN_SELF = YES;
				CLANG_WARN_OBJC_LITERAL_CONVERSION = YES;
				CLANG_WARN_OBJC_ROOT_CLASS = YES_ERROR;
				CLANG_WARN_RANGE_LOOP_ANALYSIS = YES;
				CLANG_WARN_STRICT_PROTOTYPES = YES;
				CLANG_WARN_SUSPICIOUS_MOVE = YES;
				CLANG_WARN_UNGUARDED_AVAILABILITY = YES_AGGRESSIVE;
				CLANG_WARN_UNREACHABLE_CODE = YES;
				CLANG_WARN__DUPLICATE_METHOD_MATCH = YES;
				CODE_SIGN_IDENTITY = "iPhone Developer";
				COPY_PHASE_STRIP = NO;
				DEBUG_INFORMATION_FORMAT = dwarf;
				ENABLE_STRICT_OBJC_MSGSEND = YES;
				ENABLE_TESTABILITY = YES;
				GCC_C_LANGUAGE_STANDARD = gnu11;
				GCC_DYNAMIC_NO_PIC = NO;
				GCC_NO_COMMON_BLOCKS = YES;
				GCC_OPTIMIZATION_LEVEL = 0;
				GCC_PREPROCESSOR_DEFINITIONS = (
					"DEBUG=1",
					"$(inherited)",
				);
				GCC_WARN_64_TO_32_BIT_CONVERSION = YES;
				GCC_WARN_ABOUT_RETURN_TYPE = YES_ERROR;
				GCC_WARN_UNDECLARED_SELECTOR = YES;
				GCC_WARN_UNINITIALIZED_AUTOS = YES_AGGRESSIVE;
				GCC_WARN_UNUSED_FUNCTION = YES;
				GCC_WARN_UNUSED_VARIABLE = YES;
				IPHONEOS_DEPLOYMENT_TARGET = 11.4;
				MTL_ENABLE_DEBUG_INFO = YES;
				ONLY_ACTIVE_ARCH = YES;
				SDKROOT = iphoneos;
			};
			name = Debug;
		};
		1DEE96F220E4C7C200DA0806 /* Release */ = {
			isa = XCBuildConfiguration;
			buildSettings = {
				ALWAYS_SEARCH_USER_PATHS = NO;
				CLANG_ANALYZER_NONNULL = YES;
				CLANG_ANALYZER_NUMBER_OBJECT_CONVERSION = YES_AGGRESSIVE;
				CLANG_CXX_LANGUAGE_STANDARD = "gnu++14";
				CLANG_CXX_LIBRARY = "libc++";
				CLANG_ENABLE_MODULES = YES;
				CLANG_ENABLE_OBJC_ARC = YES;
				CLANG_ENABLE_OBJC_WEAK = YES;
				CLANG_WARN_BLOCK_CAPTURE_AUTORELEASING = YES;
				CLANG_WARN_BOOL_CONVERSION = YES;
				CLANG_WARN_COMMA = YES;
				CLANG_WARN_CONSTANT_CONVERSION = YES;
				CLANG_WARN_DEPRECATED_OBJC_IMPLEMENTATIONS = YES;
				CLANG_WARN_DIRECT_OBJC_ISA_USAGE = YES_ERROR;
				CLANG_WARN_DOCUMENTATION_COMMENTS = YES;
				CLANG_WARN_EMPTY_BODY = YES;
				CLANG_WARN_ENUM_CONVERSION = YES;
				CLANG_WARN_INFINITE_RECURSION = YES;
				CLANG_WARN_INT_CONVERSION = YES;
				CLANG_WARN_NON_LITERAL_NULL_CONVERSION = YES;
				CLANG_WARN_OBJC_IMPLICIT_RETAIN_SELF = YES;
				CLANG_WARN_OBJC_LITERAL_CONVERSION = YES;
				CLANG_WARN_OBJC_ROOT_CLASS = YES_ERROR;
				CLANG_WARN_RANGE_LOOP_ANALYSIS = YES;
				CLANG_WARN_STRICT_PROTOTYPES = YES;
				CLANG_WARN_SUSPICIOUS_MOVE = YES;
				CLANG_WARN_UNGUARDED_AVAILABILITY = YES_AGGRESSIVE;
				CLANG_WARN_UNREACHABLE_CODE = YES;
				CLANG_WARN__DUPLICATE_METHOD_MATCH = YES;
				CODE_SIGN_IDENTITY = "iPhone Developer";
				COPY_PHASE_STRIP = NO;
				DEBUG_INFORMATION_FORMAT = "dwarf-with-dsym";
				ENABLE_NS_ASSERTIONS = NO;
				ENABLE_STRICT_OBJC_MSGSEND = YES;
				GCC_C_LANGUAGE_STANDARD = gnu11;
				GCC_NO_COMMON_BLOCKS = YES;
				GCC_WARN_64_TO_32_BIT_CONVERSION = YES;
				GCC_WARN_ABOUT_RETURN_TYPE = YES_ERROR;
				GCC_WARN_UNDECLARED_SELECTOR = YES;
				GCC_WARN_UNINITIALIZED_AUTOS = YES_AGGRESSIVE;
				GCC_WARN_UNUSED_FUNCTION = YES;
				GCC_WARN_UNUSED_VARIABLE = YES;
				IPHONEOS_DEPLOYMENT_TARGET = 11.4;
				MTL_ENABLE_DEBUG_INFO = NO;
				SDKROOT = iphoneos;
				VALIDATE_PRODUCT = YES;
			};
			name = Release;
		};
		1DEE96F420E4C7C200DA0806 /* Debug */ = {
			isa = XCBuildConfiguration;
			buildSettings = {
				ASSETCATALOG_COMPILER_APPICON_NAME = AppIcon;
				CODE_SIGN_STYLE = Automatic;
				DEVELOPMENT_TEAM = N359L3MT2V;
				INFOPLIST_FILE = RegistrationForm/Info.plist;
				LD_RUNPATH_SEARCH_PATHS = (
					"$(inherited)",
					"@executable_path/Frameworks",
				);
				PRODUCT_BUNDLE_IDENTIFIER = gbsfo.com.RegistrationForm;
				PRODUCT_NAME = "$(TARGET_NAME)";
				SWIFT_VERSION = 3.2;
				TARGETED_DEVICE_FAMILY = "1,2";
			};
			name = Debug;
		};
		1DEE96F520E4C7C200DA0806 /* Release */ = {
			isa = XCBuildConfiguration;
			buildSettings = {
				ASSETCATALOG_COMPILER_APPICON_NAME = AppIcon;
				CODE_SIGN_STYLE = Automatic;
				DEVELOPMENT_TEAM = N359L3MT2V;
				INFOPLIST_FILE = RegistrationForm/Info.plist;
				LD_RUNPATH_SEARCH_PATHS = (
					"$(inherited)",
					"@executable_path/Frameworks",
				);
				PRODUCT_BUNDLE_IDENTIFIER = gbsfo.com.RegistrationForm;
				PRODUCT_NAME = "$(TARGET_NAME)";
				SWIFT_VERSION = 3.2;
				TARGETED_DEVICE_FAMILY = "1,2";
			};
			name = Release;
		};
/* End XCBuildConfiguration section */

/* Begin XCConfigurationList section */
		1DEE96D820E4C7C100DA0806 /* Build configuration list for PBXProject "RegistrationForm" */ = {
			isa = XCConfigurationList;
			buildConfigurations = (
				1DEE96F120E4C7C200DA0806 /* Debug */,
				1DEE96F220E4C7C200DA0806 /* Release */,
			);
			defaultConfigurationIsVisible = 0;
			defaultConfigurationName = Release;
		};
		1DEE96F320E4C7C200DA0806 /* Build configuration list for PBXNativeTarget "RegistrationForm" */ = {
			isa = XCConfigurationList;
			buildConfigurations = (
				1DEE96F420E4C7C200DA0806 /* Debug */,
				1DEE96F520E4C7C200DA0806 /* Release */,
			);
			defaultConfigurationIsVisible = 0;
			defaultConfigurationName = Release;
		};
/* End XCConfigurationList section */

/* Begin XCVersionGroup section */
		1D9B92C420F50B8700AFF65D /* UserModel.xcdatamodeld */ = {
			isa = XCVersionGroup;
			children = (
				1D9B92C520F50B8700AFF65D /* UserModel.xcdatamodel */,
			);
			currentVersion = 1D9B92C520F50B8700AFF65D /* UserModel.xcdatamodel */;
			path = UserModel.xcdatamodeld;
			sourceTree = "<group>";
			versionGroupType = wrapper.xcdatamodel;
		};
/* End XCVersionGroup section */
	};
	rootObject = 1DEE96D520E4C7C100DA0806 /* Project object */;
}
